// !$*UTF8*$!
{
	archiveVersion = 1;
	classes = {
	};
	objectVersion = 46;
	objects = {

/* Begin PBXBuildFile section */
		71EBA94E1DEA39330062D509 /* AppDelegate.swift in Sources */ = {isa = PBXBuildFile; fileRef = 71EBA94D1DEA39330062D509 /* AppDelegate.swift */; };
		71EBA9501DEA39330062D509 /* ViewController.swift in Sources */ = {isa = PBXBuildFile; fileRef = 71EBA94F1DEA39330062D509 /* ViewController.swift */; };
		71EBA9531DEA39330062D509 /* Main.storyboard in Resources */ = {isa = PBXBuildFile; fileRef = 71EBA9511DEA39330062D509 /* Main.storyboard */; };
		71EBA9551DEA39330062D509 /* Assets.xcassets in Resources */ = {isa = PBXBuildFile; fileRef = 71EBA9541DEA39330062D509 /* Assets.xcassets */; };
		71EBA9581DEA39330062D509 /* LaunchScreen.storyboard in Resources */ = {isa = PBXBuildFile; fileRef = 71EBA9561DEA39330062D509 /* LaunchScreen.storyboard */; };
/* End PBXBuildFile section */

/* Begin PBXFileReference section */
		71EBA94A1DEA39330062D509 /* Time Tables.app */ = {isa = PBXFileReference; explicitFileType = wrapper.application; includeInIndex = 0; path = "Time Tables.app"; sourceTree = BUILT_PRODUCTS_DIR; };
		71EBA94D1DEA39330062D509 /* AppDelegate.swift */ = {isa = PBXFileReference; lastKnownFileType = sourcecode.swift; path = AppDelegate.swift; sourceTree = "<group>"; };
		71EBA94F1DEA39330062D509 /* ViewController.swift */ = {isa = PBXFileReference; lastKnownFileType = sourcecode.swift; path = ViewController.swift; sourceTree = "<group>"; };
		71EBA9521DEA39330062D509 /* Base */ = {isa = PBXFileReference; lastKnownFileType = file.storyboard; name = Base; path = Base.lproj/Main.storyboard; sourceTree = "<group>"; };
		71EBA9541DEA39330062D509 /* Assets.xcassets */ = {isa = PBXFileReference; lastKnownFileType = folder.assetcatalog; path = Assets.xcassets; sourceTree = "<group>"; };
		71EBA9571DEA39330062D509 /* Base */ = {isa = PBXFileReference; lastKnownFileType = file.storyboard; name = Base; path = Base.lproj/LaunchScreen.storyboard; sourceTree = "<group>"; };
		71EBA9591DEA39330062D509 /* Info.plist */ = {isa = PBXFileReference; lastKnownFileType = text.plist.xml; path = Info.plist; sourceTree = "<group>"; };
/* End PBXFileReference section */

/* Begin PBXFrameworksBuildPhase section */
		71EBA9471DEA39330062D509 /* Frameworks */ = {
			isa = PBXFrameworksBuildPhase;
			buildActionMask = 2147483647;
			files = (
			);
			runOnlyForDeploymentPostprocessing = 0;
		};
/* End PBXFrameworksBuildPhase section */

/* Begin PBXGroup section */
		71EBA9411DEA39330062D509 = {
			isa = PBXGroup;
			children = (
				71EBA94C1DEA39330062D509 /* Time Tables */,
				71EBA94B1DEA39330062D509 /* Products */,
			);
			sourceTree = "<group>";
		};
		71EBA94B1DEA39330062D509 /* Products */ = {
			isa = PBXGroup;
			children = (
				71EBA94A1DEA39330062D509 /* Time Tables.app */,
			);
			name = Products;
			sourceTree = "<group>";
		};
		71EBA94C1DEA39330062D509 /* Time Tables */ = {
			isa = PBXGroup;
			children = (
				71EBA94D1DEA39330062D509 /* AppDelegate.swift */,
				71EBA94F1DEA39330062D509 /* ViewController.swift */,
				71EBA9511DEA39330062D509 /* Main.storyboard */,
				71EBA9541DEA39330062D509 /* Assets.xcassets */,
				71EBA9561DEA39330062D509 /* LaunchScreen.storyboard */,
				71EBA9591DEA39330062D509 /* Info.plist */,
			);
			path = "Time Tables";
			sourceTree = "<group>";
		};
/* End PBXGroup section */

/* Begin PBXNativeTarget section */
		71EBA9491DEA39330062D509 /* Time Tables */ = {
			isa = PBXNativeTarget;
			buildConfigurationList = 71EBA95C1DEA39330062D509 /* Build configuration list for PBXNativeTarget "Time Tables" */;
			buildPhases = (
				71EBA9461DEA39330062D509 /* Sources */,
				71EBA9471DEA39330062D509 /* Frameworks */,
				71EBA9481DEA39330062D509 /* Resources */,
			);
			buildRules = (
			);
			dependencies = (
			);
			name = "Time Tables";
			productName = "Time Tables";
			productReference = 71EBA94A1DEA39330062D509 /* Time Tables.app */;
			productType = "com.apple.product-type.application";
		};
/* End PBXNativeTarget section */

/* Begin PBXProject section */
		71EBA9421DEA39330062D509 /* Project object */ = {
			isa = PBXProject;
			attributes = {
				LastSwiftUpdateCheck = 0810;
				LastUpgradeCheck = 0810;
				ORGANIZATIONNAME = "Utku Yeğen";
				TargetAttributes = {
					71EBA9491DEA39330062D509 = {
						CreatedOnToolsVersion = 8.1;
						DevelopmentTeam = V27VPZDKGB;
						ProvisioningStyle = Automatic;
					};
				};
			};
			buildConfigurationList = 71EBA9451DEA39330062D509 /* Build configuration list for PBXProject "Time Tables" */;
			compatibilityVersion = "Xcode 3.2";
			developmentRegion = English;
			hasScannedForEncodings = 0;
			knownRegions = (
				en,
				Base,
			);
			mainGroup = 71EBA9411DEA39330062D509;
			productRefGroup = 71EBA94B1DEA39330062D509 /* Products */;
			projectDirPath = "";
			projectRoot = "";
			targets = (
				71EBA9491DEA39330062D509 /* Time Tables */,
			);
		};
/* End PBXProject section */

/* Begin PBXResourcesBuildPhase section */
		71EBA9481DEA39330062D509 /* Resources */ = {
			isa = PBXResourcesBuildPhase;
			buildActionMask = 2147483647;
			files = (
				71EBA9581DEA39330062D509 /* LaunchScreen.storyboard in Resources */,
				71EBA9551DEA39330062D509 /* Assets.xcassets in Resources */,
				71EBA9531DEA39330062D509 /* Main.storyboard in Resources */,
			);
			runOnlyForDeploymentPostprocessing = 0;
		};
/* End PBXResourcesBuildPhase section */

/* Begin PBXSourcesBuildPhase section */
		71EBA9461DEA39330062D509 /* Sources */ = {
			isa = PBXSourcesBuildPhase;
			buildActionMask = 2147483647;
			files = (
				71EBA9501DEA39330062D509 /* ViewController.swift in Sources */,
				71EBA94E1DEA39330062D509 /* AppDelegate.swift in Sources */,
			);
			runOnlyForDeploymentPostprocessing = 0;
		};
/* End PBXSourcesBuildPhase section */

/* Begin PBXVariantGroup section */
		71EBA9511DEA39330062D509 /* Main.storyboard */ = {
			isa = PBXVariantGroup;
			children = (
				71EBA9521DEA39330062D509 /* Base */,
			);
			name = Main.storyboard;
			sourceTree = "<group>";
		};
		71EBA9561DEA39330062D509 /* LaunchScreen.storyboard */ = {
			isa = PBXVariantGroup;
			children = (
				71EBA9571DEA39330062D509 /* Base */,
			);
			name = LaunchScreen.storyboard;
			sourceTree = "<group>";
		};
/* End PBXVariantGroup section */

/* Begin XCBuildConfiguration section */
		71EBA95A1DEA39330062D509 /* Debug */ = {
			isa = XCBuildConfiguration;
			buildSettings = {
				ALWAYS_SEARCH_USER_PATHS = NO;
				CLANG_ANALYZER_NONNULL = YES;
				CLANG_CXX_LANGUAGE_STANDARD = "gnu++0x";
				CLANG_CXX_LIBRARY = "libc++";
				CLANG_ENABLE_MODULES = YES;
				CLANG_ENABLE_OBJC_ARC = YES;
				CLANG_WARN_BOOL_CONVERSION = YES;
				CLANG_WARN_CONSTANT_CONVERSION = YES;
				CLANG_WARN_DIRECT_OBJC_ISA_USAGE = YES_ERROR;
				CLANG_WARN_DOCUMENTATION_COMMENTS = YES;
				CLANG_WARN_EMPTY_BODY = YES;
				CLANG_WARN_ENUM_CONVERSION = YES;
				CLANG_WARN_INFINITE_RECURSION = YES;
				CLANG_WARN_INT_CONVERSION = YES;
				CLANG_WARN_OBJC_ROOT_CLASS = YES_ERROR;
				CLANG_WARN_SUSPICIOUS_MOVES = YES;
				CLANG_WARN_UNREACHABLE_CODE = YES;
				CLANG_WARN__DUPLICATE_METHOD_MATCH = YES;
				"CODE_SIGN_IDENTITY[sdk=iphoneos*]" = "iPhone Developer";
				COPY_PHASE_STRIP = NO;
				DEBUG_INFORMATION_FORMAT = dwarf;
				ENABLE_STRICT_OBJC_MSGSEND = YES;
				ENABLE_TESTABILITY = YES;
				GCC_C_LANGUAGE_STANDARD = gnu99;
				GCC_DYNAMIC_NO_PIC = NO;
				GCC_NO_COMMON_BLOCKS = YES;
				GCC_OPTIMIZATION_LEVEL = 0;
				GCC_PREPROCESSOR_DEFINITIONS = (
					"DEBUG=1",
					"$(inherited)",
				);
				GCC_WARN_64_TO_32_BIT_CONVERSION = YES;
				GCC_WARN_ABOUT_RETURN_TYPE = YES_ERROR;
				GCC_WARN_UNDECLARED_SELECTOR = YES;
				GCC_WARN_UNINITIALIZED_AUTOS = YES_AGGRESSIVE;
				GCC_WARN_UNUSED_FUNCTION = YES;
				GCC_WARN_UNUSED_VARIABLE = YES;
				IPHONEOS_DEPLOYMENT_TARGET = 10.1;
				MTL_ENABLE_DEBUG_INFO = YES;
				ONLY_ACTIVE_ARCH = YES;
				SDKROOT = iphoneos;
				SWIFT_ACTIVE_COMPILATION_CONDITIONS = DEBUG;
				SWIFT_OPTIMIZATION_LEVEL = "-Onone";
				TARGETED_DEVICE_FAMILY = "1,2";
			};
			name = Debug;
		};
		71EBA95B1DEA39330062D509 /* Release */ = {
			isa = XCBuildConfiguration;
			buildSettings = {
				ALWAYS_SEARCH_USER_PATHS = NO;
				CLANG_ANALYZER_NONNULL = YES;
				CLANG_CXX_LANGUAGE_STANDARD = "gnu++0x";
				CLANG_CXX_LIBRARY = "libc++";
				CLANG_ENABLE_MODULES = YES;
				CLANG_ENABLE_OBJC_ARC = YES;
				CLANG_WARN_BOOL_CONVERSION = YES;
				CLANG_WARN_CONSTANT_CONVERSION = YES;
				CLANG_WARN_DIRECT_OBJC_ISA_USAGE = YES_ERROR;
				CLANG_WARN_DOCUMENTATION_COMMENTS = YES;
				CLANG_WARN_EMPTY_BODY = YES;
				CLANG_WARN_ENUM_CONVERSION = YES;
				CLANG_WARN_INFINITE_RECURSION = YES;
				CLANG_WARN_INT_CONVERSION = YES;
				CLANG_WARN_OBJC_ROOT_CLASS = YES_ERROR;
				CLANG_WARN_SUSPICIOUS_MOVES = YES;
				CLANG_WARN_UNREACHABLE_CODE = YES;
				CLANG_WARN__DUPLICATE_METHOD_MATCH = YES;
				"CODE_SIGN_IDENTITY[sdk=iphoneos*]" = "iPhone Developer";
				COPY_PHASE_STRIP = NO;
				DEBUG_INFORMATION_FORMAT = "dwarf-with-dsym";
				ENABLE_NS_ASSERTIONS = NO;
				ENABLE_STRICT_OBJC_MSGSEND = YES;
				GCC_C_LANGUAGE_STANDARD = gnu99;
				GCC_NO_COMMON_BLOCKS = YES;
				GCC_WARN_64_TO_32_BIT_CONVERSION = YES;
				GCC_WARN_ABOUT_RETURN_TYPE = YES_ERROR;
				GCC_WARN_UNDECLARED_SELECTOR = YES;
				GCC_WARN_UNINITIALIZED_AUTOS = YES_AGGRESSIVE;
				GCC_WARN_UNUSED_FUNCTION = YES;
				GCC_WARN_UNUSED_VARIABLE = YES;
				IPHONEOS_DEPLOYMENT_TARGET = 10.1;
				MTL_ENABLE_DEBUG_INFO = NO;
				SDKROOT = iphoneos;
				SWIFT_OPTIMIZATION_LEVEL = "-Owholemodule";
				TARGETED_DEVICE_FAMILY = "1,2";
				VALIDATE_PRODUCT = YES;
			};
			name = Release;
		};
		71EBA95D1DEA39330062D509 /* Debug */ = {
			isa = XCBuildConfiguration;
			buildSettings = {
				ASSETCATALOG_COMPILER_APPICON_NAME = AppIcon;
				DEVELOPMENT_TEAM = V27VPZDKGB;
				INFOPLIST_FILE = "Time Tables/Info.plist";
				LD_RUNPATH_SEARCH_PATHS = "$(inherited) @executable_path/Frameworks";
				PRODUCT_BUNDLE_IDENTIFIER = "com.simurg.Time-Tables";
				PRODUCT_NAME = "$(TARGET_NAME)";
				SWIFT_VERSION = 3.0;
			};
			name = Debug;
		};
		71EBA95E1DEA39330062D509 /* Release */ = {
			isa = XCBuildConfiguration;
			buildSettings = {
				ASSETCATALOG_COMPILER_APPICON_NAME = AppIcon;
				DEVELOPMENT_TEAM = V27VPZDKGB;
				INFOPLIST_FILE = "Time Tables/Info.plist";
				LD_RUNPATH_SEARCH_PATHS = "$(inherited) @executable_path/Frameworks";
				PRODUCT_BUNDLE_IDENTIFIER = "com.simurg.Time-Tables";
				PRODUCT_NAME = "$(TARGET_NAME)";
				SWIFT_VERSION = 3.0;
			};
			name = Release;
		};
/* End XCBuildConfiguration section */

/* Begin XCConfigurationList section */
		71EBA9451DEA39330062D509 /* Build configuration list for PBXProject "Time Tables" */ = {
			isa = XCConfigurationList;
			buildConfigurations = (
				71EBA95A1DEA39330062D509 /* Debug */,
				71EBA95B1DEA39330062D509 /* Release */,
			);
			defaultConfigurationIsVisible = 0;
			defaultConfigurationName = Release;
		};
		71EBA95C1DEA39330062D509 /* Build configuration list for PBXNativeTarget "Time Tables" */ = {
			isa = XCConfigurationList;
			buildConfigurations = (
				71EBA95D1DEA39330062D509 /* Debug */,
				71EBA95E1DEA39330062D509 /* Release */,
			);
			defaultConfigurationIsVisible = 0;
			defaultConfigurationName = Release;
		};
/* End XCConfigurationList section */
	};
	rootObject = 71EBA9421DEA39330062D509 /* Project object */;
}
